
Microsoft Visual Studio Solution File, Format Version 12.00
# Visual Studio 15
VisualStudioVersion = 15.0.27130.2024
MinimumVisualStudioVersion = 10.0.40219.1
Project("{FAE04EC0-301F-11D3-BF4B-00C04F79EFBC}") = "Test", "Test\Test.csproj", "{A50634C0-7149-4EE8-B15A-C55938B4931F}"
EndProject
Global
	GlobalSection(SolutionConfigurationPlatforms) = preSolution
		Debug|Any CPU = Debug|Any CPU
		Release|Any CPU = Release|Any CPU
	EndGlobalSection
	GlobalSection(ProjectConfigurationPlatforms) = postSolution
		{A50634C0-7149-4EE8-B15A-C55938B4931F}.Debug|Any CPU.ActiveCfg = Debug|Any CPU
		{A50634C0-7149-4EE8-B15A-C55938B4931F}.Debug|Any CPU.Build.0 = Debug|Any CPU
		{A50634C0-7149-4EE8-B15A-C55938B4931F}.Release|Any CPU.ActiveCfg = Release|Any CPU
		{A50634C0-7149-4EE8-B15A-C55938B4931F}.Release|Any CPU.Build.0 = Release|Any CPU
	EndGlobalSection
	GlobalSection(SolutionProperties) = preSolution
		HideSolutionNode = FALSE
	EndGlobalSection
	GlobalSection(ExtensibilityGlobals) = postSolution
		SolutionGuid = {6BDBD6B6-FDA7-4B3E-8B27-1CB9067DA42B}
	EndGlobalSection
EndGlobal
